// !$*UTF8*$!
{
	archiveVersion = 1;
	classes = {
	};
	objectVersion = 48;
	objects = {

/* Begin PBXBuildFile section */
		F36AAF2F205182360031594B /* AppDelegate.swift in Sources */ = {isa = PBXBuildFile; fileRef = F36AAF2E205182360031594B /* AppDelegate.swift */; };
		F36AAF31205182360031594B /* TodoListViewController.swift in Sources */ = {isa = PBXBuildFile; fileRef = F36AAF30205182360031594B /* TodoListViewController.swift */; };
		F36AAF34205182360031594B /* Main.storyboard in Resources */ = {isa = PBXBuildFile; fileRef = F36AAF32205182360031594B /* Main.storyboard */; };
		F36AAF36205182360031594B /* Assets.xcassets in Resources */ = {isa = PBXBuildFile; fileRef = F36AAF35205182360031594B /* Assets.xcassets */; };
		F36AAF39205182360031594B /* LaunchScreen.storyboard in Resources */ = {isa = PBXBuildFile; fileRef = F36AAF37205182360031594B /* LaunchScreen.storyboard */; };
		F3AEB6CB2052B2DC00A686E6 /* Item.swift in Sources */ = {isa = PBXBuildFile; fileRef = F3AEB6CA2052B2DC00A686E6 /* Item.swift */; };
/* End PBXBuildFile section */

/* Begin PBXFileReference section */
		F36AAF2B205182360031594B /* Todoey.app */ = {isa = PBXFileReference; explicitFileType = wrapper.application; includeInIndex = 0; path = Todoey.app; sourceTree = BUILT_PRODUCTS_DIR; };
		F36AAF2E205182360031594B /* AppDelegate.swift */ = {isa = PBXFileReference; lastKnownFileType = sourcecode.swift; path = AppDelegate.swift; sourceTree = "<group>"; };
		F36AAF30205182360031594B /* TodoListViewController.swift */ = {isa = PBXFileReference; lastKnownFileType = sourcecode.swift; path = TodoListViewController.swift; sourceTree = "<group>"; };
		F36AAF33205182360031594B /* Base */ = {isa = PBXFileReference; lastKnownFileType = file.storyboard; name = Base; path = Base.lproj/Main.storyboard; sourceTree = "<group>"; };
		F36AAF35205182360031594B /* Assets.xcassets */ = {isa = PBXFileReference; lastKnownFileType = folder.assetcatalog; path = Assets.xcassets; sourceTree = "<group>"; };
		F36AAF38205182360031594B /* Base */ = {isa = PBXFileReference; lastKnownFileType = file.storyboard; name = Base; path = Base.lproj/LaunchScreen.storyboard; sourceTree = "<group>"; };
		F36AAF3A205182360031594B /* Info.plist */ = {isa = PBXFileReference; lastKnownFileType = text.plist.xml; path = Info.plist; sourceTree = "<group>"; };
		F3AEB6CA2052B2DC00A686E6 /* Item.swift */ = {isa = PBXFileReference; lastKnownFileType = sourcecode.swift; path = Item.swift; sourceTree = "<group>"; };
/* End PBXFileReference section */

/* Begin PBXFrameworksBuildPhase section */
		F36AAF28205182360031594B /* Frameworks */ = {
			isa = PBXFrameworksBuildPhase;
			buildActionMask = 2147483647;
			files = (
			);
			runOnlyForDeploymentPostprocessing = 0;
		};
/* End PBXFrameworksBuildPhase section */

/* Begin PBXGroup section */
		F36AAF22205182360031594B = {
			isa = PBXGroup;
			children = (
				F36AAF2D205182360031594B /* Todoey */,
				F36AAF2C205182360031594B /* Products */,
			);
			sourceTree = "<group>";
		};
		F36AAF2C205182360031594B /* Products */ = {
			isa = PBXGroup;
			children = (
				F36AAF2B205182360031594B /* Todoey.app */,
			);
			name = Products;
			sourceTree = "<group>";
		};
		F36AAF2D205182360031594B /* Todoey */ = {
			isa = PBXGroup;
			children = (
				F36AAF2E205182360031594B /* AppDelegate.swift */,
				F3AEB6CD2052B35600A686E6 /* Controllers */,
				F3AEB6CC2052B2FE00A686E6 /* Data Model */,
				F3AEB6CE2052B3B800A686E6 /* Viwes */,
				F3AEB6CF2052B3DB00A686E6 /* Supporting Files */,
				F36AAF3A205182360031594B /* Info.plist */,
			);
			path = Todoey;
			sourceTree = "<group>";
		};
		F3AEB6CC2052B2FE00A686E6 /* Data Model */ = {
			isa = PBXGroup;
			children = (
				F3AEB6CA2052B2DC00A686E6 /* Item.swift */,
			);
			path = "Data Model";
			sourceTree = "<group>";
		};
		F3AEB6CD2052B35600A686E6 /* Controllers */ = {
			isa = PBXGroup;
			children = (
				F36AAF30205182360031594B /* TodoListViewController.swift */,
			);
			path = Controllers;
			sourceTree = "<group>";
		};
		F3AEB6CE2052B3B800A686E6 /* Viwes */ = {
			isa = PBXGroup;
			children = (
				F36AAF32205182360031594B /* Main.storyboard */,
			);
			path = Viwes;
			sourceTree = "<group>";
		};
		F3AEB6CF2052B3DB00A686E6 /* Supporting Files */ = {
			isa = PBXGroup;
			children = (
				F36AAF35205182360031594B /* Assets.xcassets */,
				F36AAF37205182360031594B /* LaunchScreen.storyboard */,
			);
			path = "Supporting Files";
			sourceTree = "<group>";
		};
/* End PBXGroup section */

/* Begin PBXNativeTarget section */
		F36AAF2A205182360031594B /* Todoey */ = {
			isa = PBXNativeTarget;
			buildConfigurationList = F36AAF3D205182360031594B /* Build configuration list for PBXNativeTarget "Todoey" */;
			buildPhases = (
				F36AAF27205182360031594B /* Sources */,
				F36AAF28205182360031594B /* Frameworks */,
				F36AAF29205182360031594B /* Resources */,
			);
			buildRules = (
			);
			dependencies = (
			);
			name = Todoey;
			productName = Todoey;
			productReference = F36AAF2B205182360031594B /* Todoey.app */;
			productType = "com.apple.product-type.application";
		};
/* End PBXNativeTarget section */

/* Begin PBXProject section */
		F36AAF23205182360031594B /* Project object */ = {
			isa = PBXProject;
			attributes = {
				LastSwiftUpdateCheck = 0920;
				LastUpgradeCheck = 0920;
				ORGANIZATIONNAME = AbuOmar;
				TargetAttributes = {
					F36AAF2A205182360031594B = {
						CreatedOnToolsVersion = 9.2;
						ProvisioningStyle = Automatic;
					};
				};
			};
			buildConfigurationList = F36AAF26205182360031594B /* Build configuration list for PBXProject "Todoey" */;
			compatibilityVersion = "Xcode 8.0";
			developmentRegion = en;
			hasScannedForEncodings = 0;
			knownRegions = (
				en,
				Base,
			);
			mainGroup = F36AAF22205182360031594B;
			productRefGroup = F36AAF2C205182360031594B /* Products */;
			projectDirPath = "";
			projectRoot = "";
			targets = (
				F36AAF2A205182360031594B /* Todoey */,
			);
		};
/* End PBXProject section */

/* Begin PBXResourcesBuildPhase section */
		F36AAF29205182360031594B /* Resources */ = {
			isa = PBXResourcesBuildPhase;
			buildActionMask = 2147483647;
			files = (
				F36AAF39205182360031594B /* LaunchScreen.storyboard in Resources */,
				F36AAF36205182360031594B /* Assets.xcassets in Resources */,
				F36AAF34205182360031594B /* Main.storyboard in Resources */,
			);
			runOnlyForDeploymentPostprocessing = 0;
		};
/* End PBXResourcesBuildPhase section */

/* Begin PBXSourcesBuildPhase section */
		F36AAF27205182360031594B /* Sources */ = {
			isa = PBXSourcesBuildPhase;
			buildActionMask = 2147483647;
			files = (
				F36AAF31205182360031594B /* TodoListViewController.swift in Sources */,
				F3AEB6CB2052B2DC00A686E6 /* Item.swift in Sources */,
				F36AAF2F205182360031594B /* AppDelegate.swift in Sources */,
			);
			runOnlyForDeploymentPostprocessing = 0;
		};
/* End PBXSourcesBuildPhase section */

/* Begin PBXVariantGroup section */
		F36AAF32205182360031594B /* Main.storyboard */ = {
			isa = PBXVariantGroup;
			children = (
				F36AAF33205182360031594B /* Base */,
			);
			name = Main.storyboard;
			sourceTree = "<group>";
		};
		F36AAF37205182360031594B /* LaunchScreen.storyboard */ = {
			isa = PBXVariantGroup;
			children = (
				F36AAF38205182360031594B /* Base */,
			);
			name = LaunchScreen.storyboard;
			sourceTree = "<group>";
		};
/* End PBXVariantGroup section */

/* Begin XCBuildConfiguration section */
		F36AAF3B205182360031594B /* Debug */ = {
			isa = XCBuildConfiguration;
			buildSettings = {
				ALWAYS_SEARCH_USER_PATHS = NO;
				CLANG_ANALYZER_NONNULL = YES;
				CLANG_ANALYZER_NUMBER_OBJECT_CONVERSION = YES_AGGRESSIVE;
				CLANG_CXX_LANGUAGE_STANDARD = "gnu++14";
				CLANG_CXX_LIBRARY = "libc++";
				CLANG_ENABLE_MODULES = YES;
				CLANG_ENABLE_OBJC_ARC = YES;
				CLANG_WARN_BLOCK_CAPTURE_AUTORELEASING = YES;
				CLANG_WARN_BOOL_CONVERSION = YES;
				CLANG_WARN_COMMA = YES;
				CLANG_WARN_CONSTANT_CONVERSION = YES;
				CLANG_WARN_DIRECT_OBJC_ISA_USAGE = YES_ERROR;
				CLANG_WARN_DOCUMENTATION_COMMENTS = YES;
				CLANG_WARN_EMPTY_BODY = YES;
				CLANG_WARN_ENUM_CONVERSION = YES;
				CLANG_WARN_INFINITE_RECURSION = YES;
				CLANG_WARN_INT_CONVERSION = YES;
				CLANG_WARN_NON_LITERAL_NULL_CONVERSION = YES;
				CLANG_WARN_OBJC_LITERAL_CONVERSION = YES;
				CLANG_WARN_OBJC_ROOT_CLASS = YES_ERROR;
				CLANG_WARN_RANGE_LOOP_ANALYSIS = YES;
				CLANG_WARN_STRICT_PROTOTYPES = YES;
				CLANG_WARN_SUSPICIOUS_MOVE = YES;
				CLANG_WARN_UNGUARDED_AVAILABILITY = YES_AGGRESSIVE;
				CLANG_WARN_UNREACHABLE_CODE = YES;
				CLANG_WARN__DUPLICATE_METHOD_MATCH = YES;
				CODE_SIGN_IDENTITY = "iPhone Developer";
				COPY_PHASE_STRIP = NO;
				DEBUG_INFORMATION_FORMAT = dwarf;
				ENABLE_STRICT_OBJC_MSGSEND = YES;
				ENABLE_TESTABILITY = YES;
				GCC_C_LANGUAGE_STANDARD = gnu11;
				GCC_DYNAMIC_NO_PIC = NO;
				GCC_NO_COMMON_BLOCKS = YES;
				GCC_OPTIMIZATION_LEVEL = 0;
				GCC_PREPROCESSOR_DEFINITIONS = (
					"DEBUG=1",
					"$(inherited)",
				);
				GCC_WARN_64_TO_32_BIT_CONVERSION = YES;
				GCC_WARN_ABOUT_RETURN_TYPE = YES_ERROR;
				GCC_WARN_UNDECLARED_SELECTOR = YES;
				GCC_WARN_UNINITIALIZED_AUTOS = YES_AGGRESSIVE;
				GCC_WARN_UNUSED_FUNCTION = YES;
				GCC_WARN_UNUSED_VARIABLE = YES;
				IPHONEOS_DEPLOYMENT_TARGET = 11.2;
				MTL_ENABLE_DEBUG_INFO = YES;
				ONLY_ACTIVE_ARCH = YES;
				SDKROOT = iphoneos;
				SWIFT_ACTIVE_COMPILATION_CONDITIONS = DEBUG;
				SWIFT_OPTIMIZATION_LEVEL = "-Onone";
			};
			name = Debug;
		};
		F36AAF3C205182360031594B /* Release */ = {
			isa = XCBuildConfiguration;
			buildSettings = {
				ALWAYS_SEARCH_USER_PATHS = NO;
				CLANG_ANALYZER_NONNULL = YES;
				CLANG_ANALYZER_NUMBER_OBJECT_CONVERSION = YES_AGGRESSIVE;
				CLANG_CXX_LANGUAGE_STANDARD = "gnu++14";
				CLANG_CXX_LIBRARY = "libc++";
				CLANG_ENABLE_MODULES = YES;
				CLANG_ENABLE_OBJC_ARC = YES;
				CLANG_WARN_BLOCK_CAPTURE_AUTORELEASING = YES;
				CLANG_WARN_BOOL_CONVERSION = YES;
				CLANG_WARN_COMMA = YES;
				CLANG_WARN_CONSTANT_CONVERSION = YES;
				CLANG_WARN_DIRECT_OBJC_ISA_USAGE = YES_ERROR;
				CLANG_WARN_DOCUMENTATION_COMMENTS = YES;
				CLANG_WARN_EMPTY_BODY = YES;
				CLANG_WARN_ENUM_CONVERSION = YES;
				CLANG_WARN_INFINITE_RECURSION = YES;
				CLANG_WARN_INT_CONVERSION = YES;
				CLANG_WARN_NON_LITERAL_NULL_CONVERSION = YES;
				CLANG_WARN_OBJC_LITERAL_CONVERSION = YES;
				CLANG_WARN_OBJC_ROOT_CLASS = YES_ERROR;
				CLANG_WARN_RANGE_LOOP_ANALYSIS = YES;
				CLANG_WARN_STRICT_PROTOTYPES = YES;
				CLANG_WARN_SUSPICIOUS_MOVE = YES;
				CLANG_WARN_UNGUARDED_AVAILABILITY = YES_AGGRESSIVE;
				CLANG_WARN_UNREACHABLE_CODE = YES;
				CLANG_WARN__DUPLICATE_METHOD_MATCH = YES;
				CODE_SIGN_IDENTITY = "iPhone Developer";
				COPY_PHASE_STRIP = NO;
				DEBUG_INFORMATION_FORMAT = "dwarf-with-dsym";
				ENABLE_NS_ASSERTIONS = NO;
				ENABLE_STRICT_OBJC_MSGSEND = YES;
				GCC_C_LANGUAGE_STANDARD = gnu11;
				GCC_NO_COMMON_BLOCKS = YES;
				GCC_WARN_64_TO_32_BIT_CONVERSION = YES;
				GCC_WARN_ABOUT_RETURN_TYPE = YES_ERROR;
				GCC_WARN_UNDECLARED_SELECTOR = YES;
				GCC_WARN_UNINITIALIZED_AUTOS = YES_AGGRESSIVE;
				GCC_WARN_UNUSED_FUNCTION = YES;
				GCC_WARN_UNUSED_VARIABLE = YES;
				IPHONEOS_DEPLOYMENT_TARGET = 11.2;
				MTL_ENABLE_DEBUG_INFO = NO;
				SDKROOT = iphoneos;
				SWIFT_OPTIMIZATION_LEVEL = "-Owholemodule";
				VALIDATE_PRODUCT = YES;
			};
			name = Release;
		};
		F36AAF3E205182360031594B /* Debug */ = {
			isa = XCBuildConfiguration;
			buildSettings = {
				ASSETCATALOG_COMPILER_APPICON_NAME = AppIcon;
				CODE_SIGN_STYLE = Automatic;
				DEVELOPMENT_TEAM = 3644SYCS2Q;
				INFOPLIST_FILE = Todoey/Info.plist;
				LD_RUNPATH_SEARCH_PATHS = "$(inherited) @executable_path/Frameworks";
				PRODUCT_BUNDLE_IDENTIFIER = com.m373m.Todoey;
				PRODUCT_NAME = "$(TARGET_NAME)";
				SWIFT_VERSION = 4.0;
				TARGETED_DEVICE_FAMILY = "1,2";
			};
			name = Debug;
		};
		F36AAF3F205182360031594B /* Release */ = {
			isa = XCBuildConfiguration;
			buildSettings = {
				ASSETCATALOG_COMPILER_APPICON_NAME = AppIcon;
				CODE_SIGN_STYLE = Automatic;
				DEVELOPMENT_TEAM = 3644SYCS2Q;
				INFOPLIST_FILE = Todoey/Info.plist;
				LD_RUNPATH_SEARCH_PATHS = "$(inherited) @executable_path/Frameworks";
				PRODUCT_BUNDLE_IDENTIFIER = com.m373m.Todoey;
				PRODUCT_NAME = "$(TARGET_NAME)";
				SWIFT_VERSION = 4.0;
				TARGETED_DEVICE_FAMILY = "1,2";
			};
			name = Release;
		};
/* End XCBuildConfiguration section */

/* Begin XCConfigurationList section */
		F36AAF26205182360031594B /* Build configuration list for PBXProject "Todoey" */ = {
			isa = XCConfigurationList;
			buildConfigurations = (
				F36AAF3B205182360031594B /* Debug */,
				F36AAF3C205182360031594B /* Release */,
			);
			defaultConfigurationIsVisible = 0;
			defaultConfigurationName = Release;
		};
		F36AAF3D205182360031594B /* Build configuration list for PBXNativeTarget "Todoey" */ = {
			isa = XCConfigurationList;
			buildConfigurations = (
				F36AAF3E205182360031594B /* Debug */,
				F36AAF3F205182360031594B /* Release */,
			);
			defaultConfigurationIsVisible = 0;
			defaultConfigurationName = Release;
		};
/* End XCConfigurationList section */
	};
	rootObject = F36AAF23205182360031594B /* Project object */;
}
